// !$*UTF8*$!
{
	archiveVersion = 1;
	classes = {
	};
	objectVersion = 55;
	objects = {

/* Begin PBXBuildFile section */
		71D0B1F6284291A40020A708 /* StockPresenter.swift in Sources */ = {isa = PBXBuildFile; fileRef = 71D0B1F5284291A40020A708 /* StockPresenter.swift */; };
		97030A28283CC821004D9D88 /* AppDelegate.swift in Sources */ = {isa = PBXBuildFile; fileRef = 97030A27283CC821004D9D88 /* AppDelegate.swift */; };
		97030A2C283CC821004D9D88 /* StocksViewController.swift in Sources */ = {isa = PBXBuildFile; fileRef = 97030A2B283CC821004D9D88 /* StocksViewController.swift */; };
		97030A31283CC822004D9D88 /* Assets.xcassets in Resources */ = {isa = PBXBuildFile; fileRef = 97030A30283CC822004D9D88 /* Assets.xcassets */; };
		97030A34283CC822004D9D88 /* LaunchScreen.storyboard in Resources */ = {isa = PBXBuildFile; fileRef = 97030A32283CC822004D9D88 /* LaunchScreen.storyboard */; };
		97030A3C283CEA4D004D9D88 /* StockCell.swift in Sources */ = {isa = PBXBuildFile; fileRef = 97030A3B283CEA4D004D9D88 /* StockCell.swift */; };
		97030A3E283D2B07004D9D88 /* UIColorExtension.swift in Sources */ = {isa = PBXBuildFile; fileRef = 97030A3D283D2B07004D9D88 /* UIColorExtension.swift */; };
		970BB1B3285252D40031A7D1 /* AllStocksPresenterTests.swift in Sources */ = {isa = PBXBuildFile; fileRef = 970BB1B2285252D40031A7D1 /* AllStocksPresenterTests.swift */; };
		9764BFBB28465F3C00D0CA67 /* UserDefaults.swift in Sources */ = {isa = PBXBuildFile; fileRef = 9764BFBA28465F3C00D0CA67 /* UserDefaults.swift */; };
		9764BFC328467BCB00D0CA67 /* FileManager.swift in Sources */ = {isa = PBXBuildFile; fileRef = 9764BFC228467BCB00D0CA67 /* FileManager.swift */; };
		9764BFC528467BE800D0CA67 /* FavoritesServiceProtocol.swift in Sources */ = {isa = PBXBuildFile; fileRef = 9764BFC428467BE800D0CA67 /* FavoritesServiceProtocol.swift */; };
		97672FB4283FC93400478FBD /* Router.swift in Sources */ = {isa = PBXBuildFile; fileRef = 97672FB3283FC93400478FBD /* Router.swift */; };
		97672FB6283FC95100478FBD /* NetworkService.swift in Sources */ = {isa = PBXBuildFile; fileRef = 97672FB5283FC95100478FBD /* NetworkService.swift */; };
		97672FB8283FC96E00478FBD /* NetworkError.swift in Sources */ = {isa = PBXBuildFile; fileRef = 97672FB7283FC96E00478FBD /* NetworkError.swift */; };
		97672FBA283FC99100478FBD /* HTTPMethod.swift in Sources */ = {isa = PBXBuildFile; fileRef = 97672FB9283FC99100478FBD /* HTTPMethod.swift */; };
		97672FBC283FCA2E00478FBD /* StockModel.swift in Sources */ = {isa = PBXBuildFile; fileRef = 97672FBB283FCA2E00478FBD /* StockModel.swift */; };
		97672FBF283FCBBB00478FBD /* StocksService.swift in Sources */ = {isa = PBXBuildFile; fileRef = 97672FBE283FCBBB00478FBD /* StocksService.swift */; };
		97672FE3283FFDE400478FBD /* StockViewController.swift in Sources */ = {isa = PBXBuildFile; fileRef = 97672FE2283FFDE400478FBD /* StockViewController.swift */; };
		978D7A0F28473C7500DC7D7A /* FavoritesStocksView.swift in Sources */ = {isa = PBXBuildFile; fileRef = 978D7A0E28473C7500DC7D7A /* FavoritesStocksView.swift */; };
		978D7A1128473FDD00DC7D7A /* FavoritesPresenter.swift in Sources */ = {isa = PBXBuildFile; fileRef = 978D7A1028473FDD00DC7D7A /* FavoritesPresenter.swift */; };
		97AE736A284F539D00A12476 /* UIImageViewExtension.swift in Sources */ = {isa = PBXBuildFile; fileRef = 97AE7369284F539D00A12476 /* UIImageViewExtension.swift */; };
		97AE7370284F584500A12476 /* SearchStocksViewController.swift in Sources */ = {isa = PBXBuildFile; fileRef = 97AE736F284F584500A12476 /* SearchStocksViewController.swift */; };
		97AE7372284F7EBE00A12476 /* SearchStocksPresenter.swift in Sources */ = {isa = PBXBuildFile; fileRef = 97AE7371284F7EBE00A12476 /* SearchStocksPresenter.swift */; };
		97B1BD20284CA04C00BDB5A0 /* GraphContainerView.swift in Sources */ = {isa = PBXBuildFile; fileRef = 97B1BD1F284CA04C00BDB5A0 /* GraphContainerView.swift */; };
		97B1BD26284CC1F700BDB5A0 /* GraphModel.swift in Sources */ = {isa = PBXBuildFile; fileRef = 97B1BD25284CC1F700BDB5A0 /* GraphModel.swift */; };
		97BA7D582851FF9000AA9983 /* Charts in Frameworks */ = {isa = PBXBuildFile; productRef = 97BA7D572851FF9000AA9983 /* Charts */; };
		97BA7D5B2851FF9F00AA9983 /* Kingfisher in Frameworks */ = {isa = PBXBuildFile; productRef = 97BA7D5A2851FF9F00AA9983 /* Kingfisher */; };
		97BAC7F628420B00002BF05E /* StocksPresenter.swift in Sources */ = {isa = PBXBuildFile; fileRef = 97BAC7F528420B00002BF05E /* StocksPresenter.swift */; };
		97BAC7FC28421155002BF05E /* NSObjectExtension.swift in Sources */ = {isa = PBXBuildFile; fileRef = 97BAC7FB28421155002BF05E /* NSObjectExtension.swift */; };
		97BAC7FE284211CE002BF05E /* StocksRouter.swift in Sources */ = {isa = PBXBuildFile; fileRef = 97BAC7FD284211CE002BF05E /* StocksRouter.swift */; };
		97BAC8002842124C002BF05E /* StockResponse.swift in Sources */ = {isa = PBXBuildFile; fileRef = 97BAC7FF2842124C002BF05E /* StockResponse.swift */; };
		97BAC80228421AE3002BF05E /* Assembly.swift in Sources */ = {isa = PBXBuildFile; fileRef = 97BAC80128421AE3002BF05E /* Assembly.swift */; };
		97EA1E9A28493608006D1592 /* FavoritesUpdateService.swift in Sources */ = {isa = PBXBuildFile; fileRef = 97EA1E9928493608006D1592 /* FavoritesUpdateService.swift */; };
		97EA1E9D28493F24006D1592 /* GraphResponse.swift in Sources */ = {isa = PBXBuildFile; fileRef = 97EA1E9C28493F24006D1592 /* GraphResponse.swift */; };
		97F6F388285118AF006806AD /* ArrayExtension.swift in Sources */ = {isa = PBXBuildFile; fileRef = 97F6F387285118AF006806AD /* ArrayExtension.swift */; };
		97F6F38A285118CF006806AD /* NotificationExtension.swift in Sources */ = {isa = PBXBuildFile; fileRef = 97F6F389285118CF006806AD /* NotificationExtension.swift */; };
		97F6F39428511A72006806AD /* Montserrat-Bold.ttf in Resources */ = {isa = PBXBuildFile; fileRef = 97F6F38E28511A72006806AD /* Montserrat-Bold.ttf */; };
		97F6F39528511A72006806AD /* Montserrat-SemiBold.ttf in Resources */ = {isa = PBXBuildFile; fileRef = 97F6F38F28511A72006806AD /* Montserrat-SemiBold.ttf */; };
/* End PBXBuildFile section */

/* Begin PBXContainerItemProxy section */
		970BB1AD285252750031A7D1 /* PBXContainerItemProxy */ = {
			isa = PBXContainerItemProxy;
			containerPortal = 97030A1C283CC821004D9D88 /* Project object */;
			proxyType = 1;
			remoteGlobalIDString = 97030A23283CC821004D9D88;
			remoteInfo = CryptoStocksApp;
		};
/* End PBXContainerItemProxy section */

/* Begin PBXFileReference section */
		71D0B1F5284291A40020A708 /* StockPresenter.swift */ = {isa = PBXFileReference; lastKnownFileType = sourcecode.swift; path = StockPresenter.swift; sourceTree = "<group>"; };
		97030A24283CC821004D9D88 /* CryptoStocksApp.app */ = {isa = PBXFileReference; explicitFileType = wrapper.application; includeInIndex = 0; path = CryptoStocksApp.app; sourceTree = BUILT_PRODUCTS_DIR; };
		97030A27283CC821004D9D88 /* AppDelegate.swift */ = {isa = PBXFileReference; lastKnownFileType = sourcecode.swift; path = AppDelegate.swift; sourceTree = "<group>"; };
		97030A2B283CC821004D9D88 /* StocksViewController.swift */ = {isa = PBXFileReference; lastKnownFileType = sourcecode.swift; path = StocksViewController.swift; sourceTree = "<group>"; };
		97030A30283CC822004D9D88 /* Assets.xcassets */ = {isa = PBXFileReference; lastKnownFileType = folder.assetcatalog; path = Assets.xcassets; sourceTree = "<group>"; };
		97030A33283CC822004D9D88 /* Base */ = {isa = PBXFileReference; lastKnownFileType = file.storyboard; name = Base; path = Base.lproj/LaunchScreen.storyboard; sourceTree = "<group>"; };
		97030A35283CC822004D9D88 /* Info.plist */ = {isa = PBXFileReference; lastKnownFileType = text.plist.xml; path = Info.plist; sourceTree = "<group>"; };
		97030A3B283CEA4D004D9D88 /* StockCell.swift */ = {isa = PBXFileReference; lastKnownFileType = sourcecode.swift; path = StockCell.swift; sourceTree = "<group>"; };
		97030A3D283D2B07004D9D88 /* UIColorExtension.swift */ = {isa = PBXFileReference; lastKnownFileType = sourcecode.swift; path = UIColorExtension.swift; sourceTree = "<group>"; };
		970BB1A9285252750031A7D1 /* CryptoStocksAppTests.xctest */ = {isa = PBXFileReference; explicitFileType = wrapper.cfbundle; includeInIndex = 0; path = CryptoStocksAppTests.xctest; sourceTree = BUILT_PRODUCTS_DIR; };
		970BB1B2285252D40031A7D1 /* AllStocksPresenterTests.swift */ = {isa = PBXFileReference; lastKnownFileType = sourcecode.swift; path = AllStocksPresenterTests.swift; sourceTree = "<group>"; };
		9764BFBA28465F3C00D0CA67 /* UserDefaults.swift */ = {isa = PBXFileReference; lastKnownFileType = sourcecode.swift; path = UserDefaults.swift; sourceTree = "<group>"; };
		9764BFC228467BCB00D0CA67 /* FileManager.swift */ = {isa = PBXFileReference; lastKnownFileType = sourcecode.swift; path = FileManager.swift; sourceTree = "<group>"; };
		9764BFC428467BE800D0CA67 /* FavoritesServiceProtocol.swift */ = {isa = PBXFileReference; lastKnownFileType = sourcecode.swift; path = FavoritesServiceProtocol.swift; sourceTree = "<group>"; };
		97672FB3283FC93400478FBD /* Router.swift */ = {isa = PBXFileReference; lastKnownFileType = sourcecode.swift; path = Router.swift; sourceTree = "<group>"; };
		97672FB5283FC95100478FBD /* NetworkService.swift */ = {isa = PBXFileReference; lastKnownFileType = sourcecode.swift; path = NetworkService.swift; sourceTree = "<group>"; };
		97672FB7283FC96E00478FBD /* NetworkError.swift */ = {isa = PBXFileReference; lastKnownFileType = sourcecode.swift; path = NetworkError.swift; sourceTree = "<group>"; };
		97672FB9283FC99100478FBD /* HTTPMethod.swift */ = {isa = PBXFileReference; lastKnownFileType = sourcecode.swift; path = HTTPMethod.swift; sourceTree = "<group>"; };
		97672FBB283FCA2E00478FBD /* StockModel.swift */ = {isa = PBXFileReference; lastKnownFileType = sourcecode.swift; path = StockModel.swift; sourceTree = "<group>"; };
		97672FBE283FCBBB00478FBD /* StocksService.swift */ = {isa = PBXFileReference; lastKnownFileType = sourcecode.swift; path = StocksService.swift; sourceTree = "<group>"; };
		97672FE2283FFDE400478FBD /* StockViewController.swift */ = {isa = PBXFileReference; lastKnownFileType = sourcecode.swift; path = StockViewController.swift; sourceTree = "<group>"; };
		978D7A0E28473C7500DC7D7A /* FavoritesStocksView.swift */ = {isa = PBXFileReference; lastKnownFileType = sourcecode.swift; path = FavoritesStocksView.swift; sourceTree = "<group>"; };
		978D7A1028473FDD00DC7D7A /* FavoritesPresenter.swift */ = {isa = PBXFileReference; lastKnownFileType = sourcecode.swift; path = FavoritesPresenter.swift; sourceTree = "<group>"; };
		97AE7369284F539D00A12476 /* UIImageViewExtension.swift */ = {isa = PBXFileReference; lastKnownFileType = sourcecode.swift; path = UIImageViewExtension.swift; sourceTree = "<group>"; };
		97AE736F284F584500A12476 /* SearchStocksViewController.swift */ = {isa = PBXFileReference; lastKnownFileType = sourcecode.swift; path = SearchStocksViewController.swift; sourceTree = "<group>"; };
		97AE7371284F7EBE00A12476 /* SearchStocksPresenter.swift */ = {isa = PBXFileReference; lastKnownFileType = sourcecode.swift; path = SearchStocksPresenter.swift; sourceTree = "<group>"; };
		97B1BD1F284CA04C00BDB5A0 /* GraphContainerView.swift */ = {isa = PBXFileReference; lastKnownFileType = sourcecode.swift; path = GraphContainerView.swift; sourceTree = "<group>"; };
		97B1BD25284CC1F700BDB5A0 /* GraphModel.swift */ = {isa = PBXFileReference; lastKnownFileType = sourcecode.swift; path = GraphModel.swift; sourceTree = "<group>"; };
		97BAC7F528420B00002BF05E /* StocksPresenter.swift */ = {isa = PBXFileReference; lastKnownFileType = sourcecode.swift; path = StocksPresenter.swift; sourceTree = "<group>"; };
		97BAC7FB28421155002BF05E /* NSObjectExtension.swift */ = {isa = PBXFileReference; lastKnownFileType = sourcecode.swift; path = NSObjectExtension.swift; sourceTree = "<group>"; };
		97BAC7FD284211CE002BF05E /* StocksRouter.swift */ = {isa = PBXFileReference; lastKnownFileType = sourcecode.swift; path = StocksRouter.swift; sourceTree = "<group>"; };
		97BAC7FF2842124C002BF05E /* StockResponse.swift */ = {isa = PBXFileReference; lastKnownFileType = sourcecode.swift; path = StockResponse.swift; sourceTree = "<group>"; };
		97BAC80128421AE3002BF05E /* Assembly.swift */ = {isa = PBXFileReference; lastKnownFileType = sourcecode.swift; path = Assembly.swift; sourceTree = "<group>"; };
		97EA1E9928493608006D1592 /* FavoritesUpdateService.swift */ = {isa = PBXFileReference; lastKnownFileType = sourcecode.swift; path = FavoritesUpdateService.swift; sourceTree = "<group>"; };
		97EA1E9C28493F24006D1592 /* GraphResponse.swift */ = {isa = PBXFileReference; lastKnownFileType = sourcecode.swift; path = GraphResponse.swift; sourceTree = "<group>"; };
		97F6F387285118AF006806AD /* ArrayExtension.swift */ = {isa = PBXFileReference; lastKnownFileType = sourcecode.swift; path = ArrayExtension.swift; sourceTree = "<group>"; };
		97F6F389285118CF006806AD /* NotificationExtension.swift */ = {isa = PBXFileReference; lastKnownFileType = sourcecode.swift; path = NotificationExtension.swift; sourceTree = "<group>"; };
		97F6F38E28511A72006806AD /* Montserrat-Bold.ttf */ = {isa = PBXFileReference; lastKnownFileType = file; path = "Montserrat-Bold.ttf"; sourceTree = "<group>"; };
		97F6F38F28511A72006806AD /* Montserrat-SemiBold.ttf */ = {isa = PBXFileReference; lastKnownFileType = file; path = "Montserrat-SemiBold.ttf"; sourceTree = "<group>"; };
/* End PBXFileReference section */

/* Begin PBXFrameworksBuildPhase section */
		97030A21283CC821004D9D88 /* Frameworks */ = {
			isa = PBXFrameworksBuildPhase;
			buildActionMask = 2147483647;
			files = (
				97BA7D5B2851FF9F00AA9983 /* Kingfisher in Frameworks */,
				97BA7D582851FF9000AA9983 /* Charts in Frameworks */,
			);
			runOnlyForDeploymentPostprocessing = 0;
		};
		970BB1A6285252750031A7D1 /* Frameworks */ = {
			isa = PBXFrameworksBuildPhase;
			buildActionMask = 2147483647;
			files = (
			);
			runOnlyForDeploymentPostprocessing = 0;
		};
/* End PBXFrameworksBuildPhase section */

/* Begin PBXGroup section */
		97030A1B283CC821004D9D88 = {
			isa = PBXGroup;
			children = (
				970BB1AA285252750031A7D1 /* CryptoStocksAppTests */,
				97F6F38B28511A72006806AD /* Fonts */,
				97030A26283CC821004D9D88 /* CryptoStocksApp */,
				97030A25283CC821004D9D88 /* Products */,
			);
			sourceTree = "<group>";
		};
		97030A25283CC821004D9D88 /* Products */ = {
			isa = PBXGroup;
			children = (
				97030A24283CC821004D9D88 /* CryptoStocksApp.app */,
				970BB1A9285252750031A7D1 /* CryptoStocksAppTests.xctest */,
			);
			name = Products;
			sourceTree = "<group>";
		};
		97030A26283CC821004D9D88 /* CryptoStocksApp */ = {
			isa = PBXGroup;
			children = (
				97BAC7F928421131002BF05E /* Core */,
				97BAC7F828421108002BF05E /* Resources */,
				97BAC7F7284210D2002BF05E /* Application */,
				97672FAC283FC88E00478FBD /* Screens */,
			);
			path = CryptoStocksApp;
			sourceTree = "<group>";
		};
		970BB1AA285252750031A7D1 /* CryptoStocksAppTests */ = {
			isa = PBXGroup;
			children = (
				970BB1B2285252D40031A7D1 /* AllStocksPresenterTests.swift */,
			);
			path = CryptoStocksAppTests;
			sourceTree = "<group>";
		};
		9764BFB6284637FF00D0CA67 /* DetailedStockScreen */ = {
			isa = PBXGroup;
			children = (
				97EA1E9B28493F17006D1592 /* Services */,
				97B1BD24284CC1E200BDB5A0 /* Model */,
				9764BFB92846383900D0CA67 /* View */,
				9764BFB82846382200D0CA67 /* Presenter */,
			);
			path = DetailedStockScreen;
			sourceTree = "<group>";
		};
		9764BFB82846382200D0CA67 /* Presenter */ = {
			isa = PBXGroup;
			children = (
				71D0B1F5284291A40020A708 /* StockPresenter.swift */,
			);
			path = Presenter;
			sourceTree = "<group>";
		};
		9764BFB92846383900D0CA67 /* View */ = {
			isa = PBXGroup;
			children = (
				97672FE2283FFDE400478FBD /* StockViewController.swift */,
				97B1BD27284D2D7A00BDB5A0 /* GraphContainer */,
			);
			path = View;
			sourceTree = "<group>";
		};
		9764BFBC28465F4800D0CA67 /* FavoritesService */ = {
			isa = PBXGroup;
			children = (
				9764BFBA28465F3C00D0CA67 /* UserDefaults.swift */,
				9764BFC228467BCB00D0CA67 /* FileManager.swift */,
				9764BFC428467BE800D0CA67 /* FavoritesServiceProtocol.swift */,
				97EA1E9928493608006D1592 /* FavoritesUpdateService.swift */,
			);
			path = FavoritesService;
			sourceTree = "<group>";
		};
		9764BFC62846B42800D0CA67 /* FavoriteStocksScreen */ = {
			isa = PBXGroup;
			children = (
				9764BFC82846B47E00D0CA67 /* Presenter */,
				9764BFC72846B47700D0CA67 /* View */,
			);
			path = FavoriteStocksScreen;
			sourceTree = "<group>";
		};
		9764BFC72846B47700D0CA67 /* View */ = {
			isa = PBXGroup;
			children = (
				978D7A0E28473C7500DC7D7A /* FavoritesStocksView.swift */,
			);
			path = View;
			sourceTree = "<group>";
		};
		9764BFC82846B47E00D0CA67 /* Presenter */ = {
			isa = PBXGroup;
			children = (
				978D7A1028473FDD00DC7D7A /* FavoritesPresenter.swift */,
			);
			path = Presenter;
			sourceTree = "<group>";
		};
		97672FAA283FC83000478FBD /* CryptoStocksScreen */ = {
			isa = PBXGroup;
			children = (
				97672FAF283FC8C900478FBD /* Service */,
				978D7A15284758F100DC7D7A /* StocksListsViews */,
				9764BFB6284637FF00D0CA67 /* DetailedStockScreen */,
			);
			path = CryptoStocksScreen;
			sourceTree = "<group>";
		};
		97672FAB283FC86100478FBD /* Cell */ = {
			isa = PBXGroup;
			children = (
				97030A3B283CEA4D004D9D88 /* StockCell.swift */,
			);
			path = Cell;
			sourceTree = "<group>";
		};
		97672FAC283FC88E00478FBD /* Screens */ = {
			isa = PBXGroup;
			children = (
				97672FAA283FC83000478FBD /* CryptoStocksScreen */,
			);
			path = Screens;
			sourceTree = "<group>";
		};
		97672FAD283FC8A000478FBD /* Services */ = {
			isa = PBXGroup;
			children = (
				97672FAE283FC8AD00478FBD /* Network Service */,
				9764BFBC28465F4800D0CA67 /* FavoritesService */,
			);
			path = Services;
			sourceTree = "<group>";
		};
		97672FAE283FC8AD00478FBD /* Network Service */ = {
			isa = PBXGroup;
			children = (
				97672FB3283FC93400478FBD /* Router.swift */,
				97672FB5283FC95100478FBD /* NetworkService.swift */,
				97672FB7283FC96E00478FBD /* NetworkError.swift */,
				97672FB9283FC99100478FBD /* HTTPMethod.swift */,
			);
			path = "Network Service";
			sourceTree = "<group>";
		};
		97672FAF283FC8C900478FBD /* Service */ = {
			isa = PBXGroup;
			children = (
				97672FBE283FCBBB00478FBD /* StocksService.swift */,
				97BAC7FD284211CE002BF05E /* StocksRouter.swift */,
				97BAC7FF2842124C002BF05E /* StockResponse.swift */,
			);
			path = Service;
			sourceTree = "<group>";
		};
		97672FB0283FC8E900478FBD /* Model */ = {
			isa = PBXGroup;
			children = (
				97672FBB283FCA2E00478FBD /* StockModel.swift */,
			);
			path = Model;
			sourceTree = "<group>";
		};
		97672FB1283FC8F400478FBD /* View */ = {
			isa = PBXGroup;
			children = (
				97030A2B283CC821004D9D88 /* StocksViewController.swift */,
			);
			path = View;
			sourceTree = "<group>";
		};
		978D7A15284758F100DC7D7A /* StocksListsViews */ = {
			isa = PBXGroup;
			children = (
				97672FB0283FC8E900478FBD /* Model */,
				97672FAB283FC86100478FBD /* Cell */,
				97AE736C284F56D400A12476 /* SearchStocksScreen */,
				9764BFC62846B42800D0CA67 /* FavoriteStocksScreen */,
				97BAC7F428420AC7002BF05E /* AllStocksScreen */,
			);
			path = StocksListsViews;
			sourceTree = "<group>";
		};
		97AE736C284F56D400A12476 /* SearchStocksScreen */ = {
			isa = PBXGroup;
			children = (
				97AE736E284F56E900A12476 /* Presenter */,
				97AE736D284F56E200A12476 /* View */,
			);
			path = SearchStocksScreen;
			sourceTree = "<group>";
		};
		97AE736D284F56E200A12476 /* View */ = {
			isa = PBXGroup;
			children = (
				97AE736F284F584500A12476 /* SearchStocksViewController.swift */,
			);
			path = View;
			sourceTree = "<group>";
		};
		97AE736E284F56E900A12476 /* Presenter */ = {
			isa = PBXGroup;
			children = (
				97AE7371284F7EBE00A12476 /* SearchStocksPresenter.swift */,
			);
			path = Presenter;
			sourceTree = "<group>";
		};
		97B1BD24284CC1E200BDB5A0 /* Model */ = {
			isa = PBXGroup;
			children = (
				97B1BD25284CC1F700BDB5A0 /* GraphModel.swift */,
			);
			path = Model;
			sourceTree = "<group>";
		};
		97B1BD27284D2D7A00BDB5A0 /* GraphContainer */ = {
			isa = PBXGroup;
			children = (
				97B1BD1F284CA04C00BDB5A0 /* GraphContainerView.swift */,
			);
			path = GraphContainer;
			sourceTree = "<group>";
		};
		97BAC7F328420AA1002BF05E /* Presenter */ = {
			isa = PBXGroup;
			children = (
				97BAC7F528420B00002BF05E /* StocksPresenter.swift */,
			);
			path = Presenter;
			sourceTree = "<group>";
		};
		97BAC7F428420AC7002BF05E /* AllStocksScreen */ = {
			isa = PBXGroup;
			children = (
				97672FB1283FC8F400478FBD /* View */,
				97BAC7F328420AA1002BF05E /* Presenter */,
			);
			path = AllStocksScreen;
			sourceTree = "<group>";
		};
		97BAC7F7284210D2002BF05E /* Application */ = {
			isa = PBXGroup;
			children = (
				97030A27283CC821004D9D88 /* AppDelegate.swift */,
				97030A32283CC822004D9D88 /* LaunchScreen.storyboard */,
				97030A35283CC822004D9D88 /* Info.plist */,
			);
			path = Application;
			sourceTree = "<group>";
		};
		97BAC7F828421108002BF05E /* Resources */ = {
			isa = PBXGroup;
			children = (
				97030A30283CC822004D9D88 /* Assets.xcassets */,
			);
			path = Resources;
			sourceTree = "<group>";
		};
		97BAC7F928421131002BF05E /* Core */ = {
			isa = PBXGroup;
			children = (
				97BAC80128421AE3002BF05E /* Assembly.swift */,
				97672FAD283FC8A000478FBD /* Services */,
				97BAC7FA28421136002BF05E /* Extensions */,
			);
			path = Core;
			sourceTree = "<group>";
		};
		97BAC7FA28421136002BF05E /* Extensions */ = {
			isa = PBXGroup;
			children = (
				97BAC7FB28421155002BF05E /* NSObjectExtension.swift */,
				97F6F387285118AF006806AD /* ArrayExtension.swift */,
				97030A3D283D2B07004D9D88 /* UIColorExtension.swift */,
				97F6F389285118CF006806AD /* NotificationExtension.swift */,
				97AE7369284F539D00A12476 /* UIImageViewExtension.swift */,
			);
			path = Extensions;
			sourceTree = "<group>";
		};
		97EA1E9B28493F17006D1592 /* Services */ = {
			isa = PBXGroup;
			children = (
				97EA1E9C28493F24006D1592 /* GraphResponse.swift */,
			);
			path = Services;
			sourceTree = "<group>";
		};
		97F6F38B28511A72006806AD /* Fonts */ = {
			isa = PBXGroup;
			children = (
				97F6F38C28511A72006806AD /* Montserrat */,
			);
			path = Fonts;
			sourceTree = "<group>";
		};
		97F6F38C28511A72006806AD /* Montserrat */ = {
			isa = PBXGroup;
			children = (
				97F6F38E28511A72006806AD /* Montserrat-Bold.ttf */,
				97F6F38F28511A72006806AD /* Montserrat-SemiBold.ttf */,
			);
			path = Montserrat;
			sourceTree = "<group>";
		};
/* End PBXGroup section */

/* Begin PBXNativeTarget section */
		97030A23283CC821004D9D88 /* CryptoStocksApp */ = {
			isa = PBXNativeTarget;
			buildConfigurationList = 97030A38283CC822004D9D88 /* Build configuration list for PBXNativeTarget "CryptoStocksApp" */;
			buildPhases = (
				97030A20283CC821004D9D88 /* Sources */,
				97030A21283CC821004D9D88 /* Frameworks */,
				97030A22283CC821004D9D88 /* Resources */,
			);
			buildRules = (
			);
			dependencies = (
			);
			name = CryptoStocksApp;
			packageProductDependencies = (
				97BA7D572851FF9000AA9983 /* Charts */,
				97BA7D5A2851FF9F00AA9983 /* Kingfisher */,
			);
			productName = StocksApp;
			productReference = 97030A24283CC821004D9D88 /* CryptoStocksApp.app */;
			productType = "com.apple.product-type.application";
		};
		970BB1A8285252750031A7D1 /* CryptoStocksAppTests */ = {
			isa = PBXNativeTarget;
			buildConfigurationList = 970BB1B1285252750031A7D1 /* Build configuration list for PBXNativeTarget "CryptoStocksAppTests" */;
			buildPhases = (
				970BB1A5285252750031A7D1 /* Sources */,
				970BB1A6285252750031A7D1 /* Frameworks */,
				970BB1A7285252750031A7D1 /* Resources */,
			);
			buildRules = (
			);
			dependencies = (
				970BB1AE285252750031A7D1 /* PBXTargetDependency */,
			);
			name = CryptoStocksAppTests;
			productName = CryptoStocksAppTests;
			productReference = 970BB1A9285252750031A7D1 /* CryptoStocksAppTests.xctest */;
			productType = "com.apple.product-type.bundle.unit-test";
		};
/* End PBXNativeTarget section */

/* Begin PBXProject section */
		97030A1C283CC821004D9D88 /* Project object */ = {
			isa = PBXProject;
			attributes = {
				BuildIndependentTargetsInParallel = 1;
				LastSwiftUpdateCheck = 1310;
				LastUpgradeCheck = 1310;
				TargetAttributes = {
					97030A23283CC821004D9D88 = {
						CreatedOnToolsVersion = 13.1;
					};
					970BB1A8285252750031A7D1 = {
						CreatedOnToolsVersion = 13.1;
						LastSwiftMigration = 1310;
						TestTargetID = 97030A23283CC821004D9D88;
					};
				};
			};
			buildConfigurationList = 97030A1F283CC821004D9D88 /* Build configuration list for PBXProject "CryptoStocksApp" */;
			compatibilityVersion = "Xcode 13.0";
			developmentRegion = en;
			hasScannedForEncodings = 0;
			knownRegions = (
				en,
				Base,
			);
			mainGroup = 97030A1B283CC821004D9D88;
			packageReferences = (
				97BA7D562851FF9000AA9983 /* XCRemoteSwiftPackageReference "Charts" */,
				97BA7D592851FF9F00AA9983 /* XCRemoteSwiftPackageReference "Kingfisher" */,
			);
			productRefGroup = 97030A25283CC821004D9D88 /* Products */;
			projectDirPath = "";
			projectRoot = "";
			targets = (
				97030A23283CC821004D9D88 /* CryptoStocksApp */,
				970BB1A8285252750031A7D1 /* CryptoStocksAppTests */,
			);
		};
/* End PBXProject section */

/* Begin PBXResourcesBuildPhase section */
		97030A22283CC821004D9D88 /* Resources */ = {
			isa = PBXResourcesBuildPhase;
			buildActionMask = 2147483647;
			files = (
				97F6F39428511A72006806AD /* Montserrat-Bold.ttf in Resources */,
				97030A34283CC822004D9D88 /* LaunchScreen.storyboard in Resources */,
				97030A31283CC822004D9D88 /* Assets.xcassets in Resources */,
				97F6F39528511A72006806AD /* Montserrat-SemiBold.ttf in Resources */,
			);
			runOnlyForDeploymentPostprocessing = 0;
		};
		970BB1A7285252750031A7D1 /* Resources */ = {
			isa = PBXResourcesBuildPhase;
			buildActionMask = 2147483647;
			files = (
			);
			runOnlyForDeploymentPostprocessing = 0;
		};
/* End PBXResourcesBuildPhase section */

/* Begin PBXSourcesBuildPhase section */
		97030A20283CC821004D9D88 /* Sources */ = {
			isa = PBXSourcesBuildPhase;
			buildActionMask = 2147483647;
			files = (
				97030A2C283CC821004D9D88 /* StocksViewController.swift in Sources */,
				97AE736A284F539D00A12476 /* UIImageViewExtension.swift in Sources */,
				978D7A0F28473C7500DC7D7A /* FavoritesStocksView.swift in Sources */,
				97BAC7FC28421155002BF05E /* NSObjectExtension.swift in Sources */,
				97BAC7F628420B00002BF05E /* StocksPresenter.swift in Sources */,
				9764BFBB28465F3C00D0CA67 /* UserDefaults.swift in Sources */,
				97EA1E9D28493F24006D1592 /* GraphResponse.swift in Sources */,
				9764BFC528467BE800D0CA67 /* FavoritesServiceProtocol.swift in Sources */,
				97EA1E9A28493608006D1592 /* FavoritesUpdateService.swift in Sources */,
				97672FB8283FC96E00478FBD /* NetworkError.swift in Sources */,
				97AE7370284F584500A12476 /* SearchStocksViewController.swift in Sources */,
				97BAC7FE284211CE002BF05E /* StocksRouter.swift in Sources */,
				97672FBF283FCBBB00478FBD /* StocksService.swift in Sources */,
				97672FBC283FCA2E00478FBD /* StockModel.swift in Sources */,
				97030A3E283D2B07004D9D88 /* UIColorExtension.swift in Sources */,
				97F6F388285118AF006806AD /* ArrayExtension.swift in Sources */,
				97F6F38A285118CF006806AD /* NotificationExtension.swift in Sources */,
				97672FB4283FC93400478FBD /* Router.swift in Sources */,
				97BAC80228421AE3002BF05E /* Assembly.swift in Sources */,
				97672FE3283FFDE400478FBD /* StockViewController.swift in Sources */,
				97BAC8002842124C002BF05E /* StockResponse.swift in Sources */,
				97B1BD20284CA04C00BDB5A0 /* GraphContainerView.swift in Sources */,
				71D0B1F6284291A40020A708 /* StockPresenter.swift in Sources */,
				9764BFC328467BCB00D0CA67 /* FileManager.swift in Sources */,
				97AE7372284F7EBE00A12476 /* SearchStocksPresenter.swift in Sources */,
				97672FBA283FC99100478FBD /* HTTPMethod.swift in Sources */,
				97030A28283CC821004D9D88 /* AppDelegate.swift in Sources */,
				97672FB6283FC95100478FBD /* NetworkService.swift in Sources */,
				97030A3C283CEA4D004D9D88 /* StockCell.swift in Sources */,
				97B1BD26284CC1F700BDB5A0 /* GraphModel.swift in Sources */,
				978D7A1128473FDD00DC7D7A /* FavoritesPresenter.swift in Sources */,
			);
			runOnlyForDeploymentPostprocessing = 0;
		};
		970BB1A5285252750031A7D1 /* Sources */ = {
			isa = PBXSourcesBuildPhase;
			buildActionMask = 2147483647;
			files = (
				970BB1B3285252D40031A7D1 /* AllStocksPresenterTests.swift in Sources */,
			);
			runOnlyForDeploymentPostprocessing = 0;
		};
/* End PBXSourcesBuildPhase section */

/* Begin PBXTargetDependency section */
		970BB1AE285252750031A7D1 /* PBXTargetDependency */ = {
			isa = PBXTargetDependency;
			target = 97030A23283CC821004D9D88 /* CryptoStocksApp */;
			targetProxy = 970BB1AD285252750031A7D1 /* PBXContainerItemProxy */;
		};
/* End PBXTargetDependency section */

/* Begin PBXVariantGroup section */
		97030A32283CC822004D9D88 /* LaunchScreen.storyboard */ = {
			isa = PBXVariantGroup;
			children = (
				97030A33283CC822004D9D88 /* Base */,
			);
			name = LaunchScreen.storyboard;
			sourceTree = "<group>";
		};
/* End PBXVariantGroup section */

/* Begin XCBuildConfiguration section */
		97030A36283CC822004D9D88 /* Debug */ = {
			isa = XCBuildConfiguration;
			buildSettings = {
				ALWAYS_SEARCH_USER_PATHS = NO;
				CLANG_ANALYZER_NONNULL = YES;
				CLANG_ANALYZER_NUMBER_OBJECT_CONVERSION = YES_AGGRESSIVE;
				CLANG_CXX_LANGUAGE_STANDARD = "gnu++17";
				CLANG_CXX_LIBRARY = "libc++";
				CLANG_ENABLE_MODULES = YES;
				CLANG_ENABLE_OBJC_ARC = YES;
				CLANG_ENABLE_OBJC_WEAK = YES;
				CLANG_WARN_BLOCK_CAPTURE_AUTORELEASING = YES;
				CLANG_WARN_BOOL_CONVERSION = YES;
				CLANG_WARN_COMMA = YES;
				CLANG_WARN_CONSTANT_CONVERSION = YES;
				CLANG_WARN_DEPRECATED_OBJC_IMPLEMENTATIONS = YES;
				CLANG_WARN_DIRECT_OBJC_ISA_USAGE = YES_ERROR;
				CLANG_WARN_DOCUMENTATION_COMMENTS = YES;
				CLANG_WARN_EMPTY_BODY = YES;
				CLANG_WARN_ENUM_CONVERSION = YES;
				CLANG_WARN_INFINITE_RECURSION = YES;
				CLANG_WARN_INT_CONVERSION = YES;
				CLANG_WARN_NON_LITERAL_NULL_CONVERSION = YES;
				CLANG_WARN_OBJC_IMPLICIT_RETAIN_SELF = YES;
				CLANG_WARN_OBJC_LITERAL_CONVERSION = YES;
				CLANG_WARN_OBJC_ROOT_CLASS = YES_ERROR;
				CLANG_WARN_QUOTED_INCLUDE_IN_FRAMEWORK_HEADER = YES;
				CLANG_WARN_RANGE_LOOP_ANALYSIS = YES;
				CLANG_WARN_STRICT_PROTOTYPES = YES;
				CLANG_WARN_SUSPICIOUS_MOVE = YES;
				CLANG_WARN_UNGUARDED_AVAILABILITY = YES_AGGRESSIVE;
				CLANG_WARN_UNREACHABLE_CODE = YES;
				CLANG_WARN__DUPLICATE_METHOD_MATCH = YES;
				COPY_PHASE_STRIP = NO;
				DEBUG_INFORMATION_FORMAT = dwarf;
				ENABLE_STRICT_OBJC_MSGSEND = YES;
				ENABLE_TESTABILITY = YES;
				GCC_C_LANGUAGE_STANDARD = gnu11;
				GCC_DYNAMIC_NO_PIC = NO;
				GCC_NO_COMMON_BLOCKS = YES;
				GCC_OPTIMIZATION_LEVEL = 0;
				GCC_PREPROCESSOR_DEFINITIONS = (
					"DEBUG=1",
					"$(inherited)",
				);
				GCC_WARN_64_TO_32_BIT_CONVERSION = YES;
				GCC_WARN_ABOUT_RETURN_TYPE = YES_ERROR;
				GCC_WARN_UNDECLARED_SELECTOR = YES;
				GCC_WARN_UNINITIALIZED_AUTOS = YES_AGGRESSIVE;
				GCC_WARN_UNUSED_FUNCTION = YES;
				GCC_WARN_UNUSED_VARIABLE = YES;
				IPHONEOS_DEPLOYMENT_TARGET = 14.0;
				MTL_ENABLE_DEBUG_INFO = INCLUDE_SOURCE;
				MTL_FAST_MATH = YES;
				ONLY_ACTIVE_ARCH = YES;
				SDKROOT = iphoneos;
				SWIFT_ACTIVE_COMPILATION_CONDITIONS = DEBUG;
				SWIFT_OPTIMIZATION_LEVEL = "-Onone";
			};
			name = Debug;
		};
		97030A37283CC822004D9D88 /* Release */ = {
			isa = XCBuildConfiguration;
			buildSettings = {
				ALWAYS_SEARCH_USER_PATHS = NO;
				CLANG_ANALYZER_NONNULL = YES;
				CLANG_ANALYZER_NUMBER_OBJECT_CONVERSION = YES_AGGRESSIVE;
				CLANG_CXX_LANGUAGE_STANDARD = "gnu++17";
				CLANG_CXX_LIBRARY = "libc++";
				CLANG_ENABLE_MODULES = YES;
				CLANG_ENABLE_OBJC_ARC = YES;
				CLANG_ENABLE_OBJC_WEAK = YES;
				CLANG_WARN_BLOCK_CAPTURE_AUTORELEASING = YES;
				CLANG_WARN_BOOL_CONVERSION = YES;
				CLANG_WARN_COMMA = YES;
				CLANG_WARN_CONSTANT_CONVERSION = YES;
				CLANG_WARN_DEPRECATED_OBJC_IMPLEMENTATIONS = YES;
				CLANG_WARN_DIRECT_OBJC_ISA_USAGE = YES_ERROR;
				CLANG_WARN_DOCUMENTATION_COMMENTS = YES;
				CLANG_WARN_EMPTY_BODY = YES;
				CLANG_WARN_ENUM_CONVERSION = YES;
				CLANG_WARN_INFINITE_RECURSION = YES;
				CLANG_WARN_INT_CONVERSION = YES;
				CLANG_WARN_NON_LITERAL_NULL_CONVERSION = YES;
				CLANG_WARN_OBJC_IMPLICIT_RETAIN_SELF = YES;
				CLANG_WARN_OBJC_LITERAL_CONVERSION = YES;
				CLANG_WARN_OBJC_ROOT_CLASS = YES_ERROR;
				CLANG_WARN_QUOTED_INCLUDE_IN_FRAMEWORK_HEADER = YES;
				CLANG_WARN_RANGE_LOOP_ANALYSIS = YES;
				CLANG_WARN_STRICT_PROTOTYPES = YES;
				CLANG_WARN_SUSPICIOUS_MOVE = YES;
				CLANG_WARN_UNGUARDED_AVAILABILITY = YES_AGGRESSIVE;
				CLANG_WARN_UNREACHABLE_CODE = YES;
				CLANG_WARN__DUPLICATE_METHOD_MATCH = YES;
				COPY_PHASE_STRIP = NO;
				DEBUG_INFORMATION_FORMAT = "dwarf-with-dsym";
				ENABLE_NS_ASSERTIONS = NO;
				ENABLE_STRICT_OBJC_MSGSEND = YES;
				GCC_C_LANGUAGE_STANDARD = gnu11;
				GCC_NO_COMMON_BLOCKS = YES;
				GCC_WARN_64_TO_32_BIT_CONVERSION = YES;
				GCC_WARN_ABOUT_RETURN_TYPE = YES_ERROR;
				GCC_WARN_UNDECLARED_SELECTOR = YES;
				GCC_WARN_UNINITIALIZED_AUTOS = YES_AGGRESSIVE;
				GCC_WARN_UNUSED_FUNCTION = YES;
				GCC_WARN_UNUSED_VARIABLE = YES;
				IPHONEOS_DEPLOYMENT_TARGET = 14.0;
				MTL_ENABLE_DEBUG_INFO = NO;
				MTL_FAST_MATH = YES;
				SDKROOT = iphoneos;
				SWIFT_COMPILATION_MODE = wholemodule;
				SWIFT_OPTIMIZATION_LEVEL = "-O";
				VALIDATE_PRODUCT = YES;
			};
			name = Release;
		};
		97030A39283CC822004D9D88 /* Debug */ = {
			isa = XCBuildConfiguration;
			buildSettings = {
				ASSETCATALOG_COMPILER_APPICON_NAME = AppIcon;
				ASSETCATALOG_COMPILER_GLOBAL_ACCENT_COLOR_NAME = AccentColor;
				ASSETCATALOG_COMPILER_INCLUDE_ALL_APPICON_ASSETS = YES;
				CODE_SIGN_STYLE = Automatic;
				CURRENT_PROJECT_VERSION = 1;
				DEVELOPMENT_TEAM = A3U43FT35S;
				GENERATE_INFOPLIST_FILE = YES;
				INFOPLIST_FILE = CryptoStocksApp/Application/Info.plist;
				INFOPLIST_KEY_CFBundleDisplayName = CryptoApp;
				INFOPLIST_KEY_UIApplicationSupportsIndirectInputEvents = YES;
				INFOPLIST_KEY_UILaunchStoryboardName = LaunchScreen;
				INFOPLIST_KEY_UISupportedInterfaceOrientations = UIInterfaceOrientationPortrait;
				INFOPLIST_KEY_UISupportedInterfaceOrientations_iPad = "UIInterfaceOrientationPortrait UIInterfaceOrientationPortraitUpsideDown UIInterfaceOrientationLandscapeLeft UIInterfaceOrientationLandscapeRight";
				INFOPLIST_KEY_UISupportedInterfaceOrientations_iPhone = "UIInterfaceOrientationPortrait UIInterfaceOrientationLandscapeLeft UIInterfaceOrientationLandscapeRight";
				IPHONEOS_DEPLOYMENT_TARGET = 14.0;
				LD_RUNPATH_SEARCH_PATHS = (
					"$(inherited)",
					"@executable_path/Frameworks",
				);
				MARKETING_VERSION = 1.0;
				PRODUCT_BUNDLE_IDENTIFIER = stocksApp.kz.StocksApp;
				PRODUCT_NAME = "$(TARGET_NAME)";
				SWIFT_EMIT_LOC_STRINGS = YES;
				SWIFT_VERSION = 5.0;
				TARGETED_DEVICE_FAMILY = 1;
			};
			name = Debug;
		};
		97030A3A283CC822004D9D88 /* Release */ = {
			isa = XCBuildConfiguration;
			buildSettings = {
				ASSETCATALOG_COMPILER_APPICON_NAME = AppIcon;
				ASSETCATALOG_COMPILER_GLOBAL_ACCENT_COLOR_NAME = AccentColor;
				ASSETCATALOG_COMPILER_INCLUDE_ALL_APPICON_ASSETS = YES;
				CODE_SIGN_STYLE = Automatic;
				CURRENT_PROJECT_VERSION = 1;
				DEVELOPMENT_TEAM = A3U43FT35S;
				GENERATE_INFOPLIST_FILE = YES;
				INFOPLIST_FILE = CryptoStocksApp/Application/Info.plist;
				INFOPLIST_KEY_CFBundleDisplayName = CryptoApp;
				INFOPLIST_KEY_UIApplicationSupportsIndirectInputEvents = YES;
				INFOPLIST_KEY_UILaunchStoryboardName = LaunchScreen;
				INFOPLIST_KEY_UISupportedInterfaceOrientations = UIInterfaceOrientationPortrait;
				INFOPLIST_KEY_UISupportedInterfaceOrientations_iPad = "UIInterfaceOrientationPortrait UIInterfaceOrientationPortraitUpsideDown UIInterfaceOrientationLandscapeLeft UIInterfaceOrientationLandscapeRight";
				INFOPLIST_KEY_UISupportedInterfaceOrientations_iPhone = "UIInterfaceOrientationPortrait UIInterfaceOrientationLandscapeLeft UIInterfaceOrientationLandscapeRight";
				IPHONEOS_DEPLOYMENT_TARGET = 14.0;
				LD_RUNPATH_SEARCH_PATHS = (
					"$(inherited)",
					"@executable_path/Frameworks",
				);
				MARKETING_VERSION = 1.0;
				PRODUCT_BUNDLE_IDENTIFIER = stocksApp.kz.StocksApp;
				PRODUCT_NAME = "$(TARGET_NAME)";
				SWIFT_EMIT_LOC_STRINGS = YES;
				SWIFT_VERSION = 5.0;
				TARGETED_DEVICE_FAMILY = 1;
			};
			name = Release;
		};
		970BB1AF285252750031A7D1 /* Debug */ = {
			isa = XCBuildConfiguration;
			buildSettings = {
				BUNDLE_LOADER = "$(TEST_HOST)";
				CLANG_ENABLE_MODULES = YES;
				CODE_SIGN_STYLE = Automatic;
				CURRENT_PROJECT_VERSION = 1;
				DEVELOPMENT_TEAM = A3U43FT35S;
				GENERATE_INFOPLIST_FILE = YES;
				IPHONEOS_DEPLOYMENT_TARGET = 15.0;
				LD_RUNPATH_SEARCH_PATHS = (
					"$(inherited)",
					"@executable_path/Frameworks",
					"@loader_path/Frameworks",
				);
				MARKETING_VERSION = 1.0;
				PRODUCT_BUNDLE_IDENTIFIER = kz.CryptoStocksAppTests;
				PRODUCT_NAME = "$(TARGET_NAME)";
				SWIFT_EMIT_LOC_STRINGS = NO;
				SWIFT_OPTIMIZATION_LEVEL = "-Onone";
				SWIFT_VERSION = 5.0;
				TARGETED_DEVICE_FAMILY = "1,2";
				TEST_HOST = "$(BUILT_PRODUCTS_DIR)/CryptoStocksApp.app/CryptoStocksApp";
			};
			name = Debug;
		};
		970BB1B0285252750031A7D1 /* Release */ = {
			isa = XCBuildConfiguration;
			buildSettings = {
				BUNDLE_LOADER = "$(TEST_HOST)";
				CLANG_ENABLE_MODULES = YES;
				CODE_SIGN_STYLE = Automatic;
				CURRENT_PROJECT_VERSION = 1;
				DEVELOPMENT_TEAM = A3U43FT35S;
				GENERATE_INFOPLIST_FILE = YES;
				IPHONEOS_DEPLOYMENT_TARGET = 15.0;
				LD_RUNPATH_SEARCH_PATHS = (
					"$(inherited)",
					"@executable_path/Frameworks",
					"@loader_path/Frameworks",
				);
				MARKETING_VERSION = 1.0;
				PRODUCT_BUNDLE_IDENTIFIER = kz.CryptoStocksAppTests;
				PRODUCT_NAME = "$(TARGET_NAME)";
				SWIFT_EMIT_LOC_STRINGS = NO;
				SWIFT_VERSION = 5.0;
				TARGETED_DEVICE_FAMILY = "1,2";
				TEST_HOST = "$(BUILT_PRODUCTS_DIR)/CryptoStocksApp.app/CryptoStocksApp";
			};
			name = Release;
		};
/* End XCBuildConfiguration section */

/* Begin XCConfigurationList section */
		97030A1F283CC821004D9D88 /* Build configuration list for PBXProject "CryptoStocksApp" */ = {
			isa = XCConfigurationList;
			buildConfigurations = (
				97030A36283CC822004D9D88 /* Debug */,
				97030A37283CC822004D9D88 /* Release */,
			);
			defaultConfigurationIsVisible = 0;
			defaultConfigurationName = Release;
		};
		97030A38283CC822004D9D88 /* Build configuration list for PBXNativeTarget "CryptoStocksApp" */ = {
			isa = XCConfigurationList;
			buildConfigurations = (
				97030A39283CC822004D9D88 /* Debug */,
				97030A3A283CC822004D9D88 /* Release */,
			);
			defaultConfigurationIsVisible = 0;
			defaultConfigurationName = Release;
		};
		970BB1B1285252750031A7D1 /* Build configuration list for PBXNativeTarget "CryptoStocksAppTests" */ = {
			isa = XCConfigurationList;
			buildConfigurations = (
				970BB1AF285252750031A7D1 /* Debug */,
				970BB1B0285252750031A7D1 /* Release */,
			);
			defaultConfigurationIsVisible = 0;
			defaultConfigurationName = Release;
		};
/* End XCConfigurationList section */

/* Begin XCRemoteSwiftPackageReference section */
		97BA7D562851FF9000AA9983 /* XCRemoteSwiftPackageReference "Charts" */ = {
			isa = XCRemoteSwiftPackageReference;
			repositoryURL = "https://github.com/danielgindi/Charts.git";
			requirement = {
				kind = upToNextMajorVersion;
				minimumVersion = 4.0.0;
			};
		};
		97BA7D592851FF9F00AA9983 /* XCRemoteSwiftPackageReference "Kingfisher" */ = {
			isa = XCRemoteSwiftPackageReference;
			repositoryURL = "https://github.com/onevcat/Kingfisher.git";
			requirement = {
				kind = upToNextMajorVersion;
				minimumVersion = 7.0.0;
			};
		};
/* End XCRemoteSwiftPackageReference section */

/* Begin XCSwiftPackageProductDependency section */
		97BA7D572851FF9000AA9983 /* Charts */ = {
			isa = XCSwiftPackageProductDependency;
			package = 97BA7D562851FF9000AA9983 /* XCRemoteSwiftPackageReference "Charts" */;
			productName = Charts;
		};
		97BA7D5A2851FF9F00AA9983 /* Kingfisher */ = {
			isa = XCSwiftPackageProductDependency;
			package = 97BA7D592851FF9F00AA9983 /* XCRemoteSwiftPackageReference "Kingfisher" */;
			productName = Kingfisher;
		};
/* End XCSwiftPackageProductDependency section */
	};
	rootObject = 97030A1C283CC821004D9D88 /* Project object */;
}
